PODS:
  - libPusher (1.6.1):
    - libPusher/Core (= 1.6.1)
  - libPusher/Core (1.6.1):
    - SocketRocket (= 0.4.1)
  - SocketRocket (0.4.1)

DEPENDENCIES:
  - libPusher (~> 1.6.1)

SPEC CHECKSUMS:
  libPusher: 5ea58aeb83fa4ac1f5d8ef8543b1def6ace997b8
  SocketRocket: ee0b5c34182d37bb4f1f8d628bbe737718126daa

COCOAPODS: 0.39.0
