// !$*UTF8*$!
{
	archiveVersion = 1;
	classes = {
	};
	objectVersion = 45;
	objects = {

/* Begin PBXBuildFile section */
		1D3623260D0F684500981E51 /* ARISAppDelegate.m in Sources */ = {isa = PBXBuildFile; fileRef = 1D3623250D0F684500981E51 /* ARISAppDelegate.m */; };
		1D60589B0D05DD56006BFB54 /* main.m in Sources */ = {isa = PBXBuildFile; fileRef = 29B97316FDCFA39411CA2CEA /* main.m */; };
		1DF5F4E00D08C38300B7A737 /* UIKit.framework in Frameworks */ = {isa = PBXBuildFile; fileRef = 1DF5F4DF0D08C38300B7A737 /* UIKit.framework */; };
		28AD73880D9D96C1002E5188 /* MainWindow.xib in Resources */ = {isa = PBXBuildFile; fileRef = 28AD73870D9D96C1002E5188 /* MainWindow.xib */; };
		2B3D11AD0F4361380067FD3A /* Login.xib in Resources */ = {isa = PBXBuildFile; fileRef = 2B3D11AC0F4361380067FD3A /* Login.xib */; };
		2B3D11B10F4361940067FD3A /* LoginViewController.m in Sources */ = {isa = PBXBuildFile; fileRef = 2B3D11B00F4361940067FD3A /* LoginViewController.m */; };
		2B3D12BF0F4377A60067FD3A /* IMViewController.m in Sources */ = {isa = PBXBuildFile; fileRef = 2B3D12BE0F4377A60067FD3A /* IMViewController.m */; };
		2B3D12C20F4377E50067FD3A /* IM.xib in Resources */ = {isa = PBXBuildFile; fileRef = 2B3D12C10F4377E50067FD3A /* IM.xib */; };
		2B3D12CE0F437AC60067FD3A /* TODOViewController.m in Sources */ = {isa = PBXBuildFile; fileRef = 2B3D12CD0F437AC60067FD3A /* TODOViewController.m */; };
		2B3D12D00F437AF90067FD3A /* TODO.xib in Resources */ = {isa = PBXBuildFile; fileRef = 2B3D12CF0F437AF90067FD3A /* TODO.xib */; };
		2B3D12D90F437D6E0067FD3A /* FilesViewController.m in Sources */ = {isa = PBXBuildFile; fileRef = 2B3D12D80F437D6E0067FD3A /* FilesViewController.m */; };
		2B3D12DB0F437E690067FD3A /* Files.xib in Resources */ = {isa = PBXBuildFile; fileRef = 2B3D12DA0F437E690067FD3A /* Files.xib */; };
		2B3D12E00F4380B70067FD3A /* GPSViewController.m in Sources */ = {isa = PBXBuildFile; fileRef = 2B3D12DF0F4380B70067FD3A /* GPSViewController.m */; };
		2B3D12E20F4380E00067FD3A /* GPS.xib in Resources */ = {isa = PBXBuildFile; fileRef = 2B3D12E10F4380E00067FD3A /* GPS.xib */; };
		2B3D12EC0F4382070067FD3A /* LogoutViewController.m in Sources */ = {isa = PBXBuildFile; fileRef = 2B3D12EB0F4382070067FD3A /* LogoutViewController.m */; };
		2B3D12EE0F4382A00067FD3A /* Logout.xib in Resources */ = {isa = PBXBuildFile; fileRef = 2B3D12ED0F4382A00067FD3A /* Logout.xib */; };
		2B3D14620F45EBAA0067FD3A /* GamePickerViewController.m in Sources */ = {isa = PBXBuildFile; fileRef = 2B3D14610F45EBAA0067FD3A /* GamePickerViewController.m */; };
		2B3D15A30F461AA30067FD3A /* ToolbarViewController.m in Sources */ = {isa = PBXBuildFile; fileRef = 2B3D15A20F461AA30067FD3A /* ToolbarViewController.m */; };
		2B3D15A50F461AD10067FD3A /* Toolbar.xib in Resources */ = {isa = PBXBuildFile; fileRef = 2B3D15A40F461AD10067FD3A /* Toolbar.xib */; };
		2B3D16660F4628C70067FD3A /* GamePicker.xib in Resources */ = {isa = PBXBuildFile; fileRef = 2B3D16650F4628C70067FD3A /* GamePicker.xib */; };
		2B3D17070F49C99B0067FD3A /* Game.m in Sources */ = {isa = PBXBuildFile; fileRef = 2B3D17060F49C99B0067FD3A /* Game.m */; };
		2B3D175A0F49D18D0067FD3A /* DeveloperViewController.m in Sources */ = {isa = PBXBuildFile; fileRef = 2B3D17590F49D18D0067FD3A /* DeveloperViewController.m */; };
		2B3D177A0F49D3F90067FD3A /* Developer.xib in Resources */ = {isa = PBXBuildFile; fileRef = 2B3D17790F49D3F90067FD3A /* Developer.xib */; };
		2B3D18D60F4B25720067FD3A /* AppModel.m in Sources */ = {isa = PBXBuildFile; fileRef = 2B3D18D50F4B25720067FD3A /* AppModel.m */; };
		A702FBBE0F8E804A00BE6549 /* playArrow.png in Resources */ = {isa = PBXBuildFile; fileRef = A702FBBD0F8E804A00BE6549 /* playArrow.png */; };
		A703EFE30F7C5C39008A12E2 /* marker-player-lqgps.png in Resources */ = {isa = PBXBuildFile; fileRef = A703EFE20F7C5C39008A12E2 /* marker-player-lqgps.png */; };
		A722E6E70F573174004B04D2 /* GameListParserDelegate.m in Sources */ = {isa = PBXBuildFile; fileRef = A722E6E60F573174004B04D2 /* GameListParserDelegate.m */; };
		A722E7150F57425B004B04D2 /* Location.m in Sources */ = {isa = PBXBuildFile; fileRef = A722E7140F57425B004B04D2 /* Location.m */; };
		A722E73A0F57431B004B04D2 /* LocationListParserDelegate.m in Sources */ = {isa = PBXBuildFile; fileRef = A722E7390F57431B004B04D2 /* LocationListParserDelegate.m */; };
		A72C01B10F7977A600D00602 /* marker-player.png in Resources */ = {isa = PBXBuildFile; fileRef = A72C01B00F7977A600D00602 /* marker-player.png */; };
		A72C02140F7985EF00D00602 /* QRScanner.xib in Resources */ = {isa = PBXBuildFile; fileRef = A72C02130F7985EF00D00602 /* QRScanner.xib */; };
		A72C02170F7985FF00D00602 /* QRScannerViewController.m in Sources */ = {isa = PBXBuildFile; fileRef = A72C02160F7985FF00D00602 /* QRScannerViewController.m */; };
		A72C021D0F798B0500D00602 /* QRScanner.png in Resources */ = {isa = PBXBuildFile; fileRef = A72C021C0F798B0500D00602 /* QRScanner.png */; };
		A72F04A00F6ED78F0089B90F /* NearbyLocationsListParserDelegate.m in Sources */ = {isa = PBXBuildFile; fileRef = A72F049F0F6ED78F0089B90F /* NearbyLocationsListParserDelegate.m */; };
		A72F04AE0F6ED8620089B90F /* NearbyLocation.m in Sources */ = {isa = PBXBuildFile; fileRef = A72F04AD0F6ED8620089B90F /* NearbyLocation.m */; };
		A75AF2B90F86A47100F15535 /* ItemDetailsViewController.m in Sources */ = {isa = PBXBuildFile; fileRef = A75AF2B80F86A47100F15535 /* ItemDetailsViewController.m */; };
		A763B5250F4E283100FDCC55 /* MyCLController.m in Sources */ = {isa = PBXBuildFile; fileRef = A763B5240F4E283100FDCC55 /* MyCLController.m */; };
		A78FD8B00F4B7E9400820FEA /* Foundation.framework in Frameworks */ = {isa = PBXBuildFile; fileRef = A78FD8AF0F4B7E9400820FEA /* Foundation.framework */; };
		A78FD8B20F4B7EA200820FEA /* CoreGraphics.framework in Frameworks */ = {isa = PBXBuildFile; fileRef = A78FD8B10F4B7EA200820FEA /* CoreGraphics.framework */; };
		A79202640F8E717C0049F990 /* MediaPlayer.framework in Frameworks */ = {isa = PBXBuildFile; fileRef = A79202630F8E717C0049F990 /* MediaPlayer.framework */; };
		A7955B930F73E095005148E4 /* AudioToolbox.framework in Frameworks */ = {isa = PBXBuildFile; fileRef = A7955B920F73E095005148E4 /* AudioToolbox.framework */; };
		A7A172830F4F26A60017E865 /* Entitlements.plist in Resources */ = {isa = PBXBuildFile; fileRef = A7A172820F4F26A60017E865 /* Entitlements.plist */; };
		A7A1728C0F4F27120017E865 /* Icon.png in Resources */ = {isa = PBXBuildFile; fileRef = A7A1728A0F4F27120017E865 /* Icon.png */; };
		A7A1728D0F4F27120017E865 /* Default.png in Resources */ = {isa = PBXBuildFile; fileRef = A7A1728B0F4F27120017E865 /* Default.png */; };
		A7A172950F4F273B0017E865 /* Icon.icns in Resources */ = {isa = PBXBuildFile; fileRef = A7A172940F4F273B0017E865 /* Icon.icns */; };
		A7A623560F841A80008E0DFD /* InventoryParserDelegate.m in Sources */ = {isa = PBXBuildFile; fileRef = A7A623550F841A80008E0DFD /* InventoryParserDelegate.m */; };
		A7A6235B0F841C99008E0DFD /* Item.m in Sources */ = {isa = PBXBuildFile; fileRef = A7A6235A0F841C99008E0DFD /* Item.m */; };
		A7BCBB3F0F8C236900C7A36C /* ItemDetailsView.xib in Resources */ = {isa = PBXBuildFile; fileRef = A7BCBB3E0F8C236900C7A36C /* ItemDetailsView.xib */; };
		A7E39EAD0F5F60D000826198 /* CameraViewController.m in Sources */ = {isa = PBXBuildFile; fileRef = A7E39EAC0F5F60D000826198 /* CameraViewController.m */; };
		A7E39ECA0F5F655E00826198 /* Camera.xib in Resources */ = {isa = PBXBuildFile; fileRef = A7E39EC90F5F655E00826198 /* Camera.xib */; };
		A7E39FB40F5F930E00826198 /* Developer.png in Resources */ = {isa = PBXBuildFile; fileRef = A7E39FA90F5F930E00826198 /* Developer.png */; };
		A7E39FB50F5F930E00826198 /* GPS.png in Resources */ = {isa = PBXBuildFile; fileRef = A7E39FAA0F5F930E00826198 /* GPS.png */; };
		A7E39FB60F5F930E00826198 /* Inventory.png in Resources */ = {isa = PBXBuildFile; fileRef = A7E39FAB0F5F930E00826198 /* Inventory.png */; };
		A7E39FB70F5F930E00826198 /* loading.png in Resources */ = {isa = PBXBuildFile; fileRef = A7E39FAC0F5F930E00826198 /* loading.png */; };
		A7E39FB80F5F930E00826198 /* Logout.png in Resources */ = {isa = PBXBuildFile; fileRef = A7E39FAD0F5F930E00826198 /* Logout.png */; };
		A7E39FB90F5F930E00826198 /* marker-blue-withletter.png in Resources */ = {isa = PBXBuildFile; fileRef = A7E39FAE0F5F930E00826198 /* marker-blue-withletter.png */; };
		A7E39FBA0F5F930E00826198 /* marker-blue.png in Resources */ = {isa = PBXBuildFile; fileRef = A7E39FAF0F5F930E00826198 /* marker-blue.png */; };
		A7E39FBB0F5F930E00826198 /* marker-red-withletter.png in Resources */ = {isa = PBXBuildFile; fileRef = A7E39FB00F5F930E00826198 /* marker-red-withletter.png */; };
		A7E39FBC0F5F930E00826198 /* marker-red.png in Resources */ = {isa = PBXBuildFile; fileRef = A7E39FB10F5F930E00826198 /* marker-red.png */; };
		A7E39FBD0F5F930E00826198 /* NodeViewer.png in Resources */ = {isa = PBXBuildFile; fileRef = A7E39FB20F5F930E00826198 /* NodeViewer.png */; };
		A7E39FBE0F5F930E00826198 /* Quest.png in Resources */ = {isa = PBXBuildFile; fileRef = A7E39FB30F5F930E00826198 /* Quest.png */; };
		A7E39FCA0F60456200826198 /* IM.png in Resources */ = {isa = PBXBuildFile; fileRef = A7E39FC90F60456200826198 /* IM.png */; };
		A7E39FDB0F61759700826198 /* camera.png in Resources */ = {isa = PBXBuildFile; fileRef = A7E39FD90F61759700826198 /* camera.png */; };
		A7E39FDC0F61759700826198 /* Game.png in Resources */ = {isa = PBXBuildFile; fileRef = A7E39FDA0F61759700826198 /* Game.png */; };
		A7E4C88C0F54C4D000C6D9E8 /* QuartzCore.framework in Frameworks */ = {isa = PBXBuildFile; fileRef = A7E4C88B0F54C4D000C6D9E8 /* QuartzCore.framework */; };
		A7E4C8900F54C4E800C6D9E8 /* libsqlite3.dylib in Frameworks */ = {isa = PBXBuildFile; fileRef = A7E4C88F0F54C4E800C6D9E8 /* libsqlite3.dylib */; };
		A7E4C8990F54C5E300C6D9E8 /* CoreLocation.framework in Frameworks */ = {isa = PBXBuildFile; fileRef = A7E4C8980F54C5E300C6D9E8 /* CoreLocation.framework */; };
		A7E4C9A30F55DC6200C6D9E8 /* libMapView.a in Frameworks */ = {isa = PBXBuildFile; fileRef = A7E4C9910F55DC3300C6D9E8 /* libMapView.a */; };
		A7F0EE3F0F71CFEF008F7BAD /* GenericWebView.xib in Resources */ = {isa = PBXBuildFile; fileRef = A7F0EE3E0F71CFEF008F7BAD /* GenericWebView.xib */; };
		A7F0EE610F71D0C5008F7BAD /* GenericWebViewController.m in Sources */ = {isa = PBXBuildFile; fileRef = A7F0EE600F71D0C5008F7BAD /* GenericWebViewController.m */; };
/* End PBXBuildFile section */

/* Begin PBXContainerItemProxy section */
		A7E4C98E0F55DC3300C6D9E8 /* PBXContainerItemProxy */ = {
			isa = PBXContainerItemProxy;
			containerPortal = A7E4C85E0F54C35300C6D9E8 /* MapView.xcodeproj */;
			proxyType = 2;
			remoteGlobalIDString = B83E673E0E80F332001663B6;
			remoteInfo = SimpleMap;
		};
		A7E4C9900F55DC3300C6D9E8 /* PBXContainerItemProxy */ = {
			isa = PBXContainerItemProxy;
			containerPortal = A7E4C85E0F54C35300C6D9E8 /* MapView.xcodeproj */;
			proxyType = 2;
			remoteGlobalIDString = B8C974590E8A19B2007D16AD;
			remoteInfo = MapView;
		};
/* End PBXContainerItemProxy section */

/* Begin PBXFileReference section */
		1D3623240D0F684500981E51 /* ARISAppDelegate.h */ = {isa = PBXFileReference; fileEncoding = 4; lastKnownFileType = sourcecode.c.h; path = ARISAppDelegate.h; sourceTree = "<group>"; };
		1D3623250D0F684500981E51 /* ARISAppDelegate.m */ = {isa = PBXFileReference; fileEncoding = 4; lastKnownFileType = sourcecode.c.objc; path = ARISAppDelegate.m; sourceTree = "<group>"; };
		1DF5F4DF0D08C38300B7A737 /* UIKit.framework */ = {isa = PBXFileReference; lastKnownFileType = wrapper.framework; name = UIKit.framework; path = System/Library/Frameworks/UIKit.framework; sourceTree = SDKROOT; };
		28A0AB4B0D9B1048005BE974 /* ARIS_Prefix.pch */ = {isa = PBXFileReference; fileEncoding = 4; lastKnownFileType = sourcecode.c.h; path = ARIS_Prefix.pch; sourceTree = "<group>"; };
		28AD73870D9D96C1002E5188 /* MainWindow.xib */ = {isa = PBXFileReference; lastKnownFileType = file.xib; path = MainWindow.xib; sourceTree = "<group>"; };
		29B97316FDCFA39411CA2CEA /* main.m */ = {isa = PBXFileReference; fileEncoding = 4; lastKnownFileType = sourcecode.c.objc; path = main.m; sourceTree = "<group>"; };
		2B3D11AC0F4361380067FD3A /* Login.xib */ = {isa = PBXFileReference; lastKnownFileType = file.xib; path = Login.xib; sourceTree = "<group>"; };
		2B3D11AF0F4361940067FD3A /* LoginViewController.h */ = {isa = PBXFileReference; fileEncoding = 4; lastKnownFileType = sourcecode.c.h; path = LoginViewController.h; sourceTree = "<group>"; };
		2B3D11B00F4361940067FD3A /* LoginViewController.m */ = {isa = PBXFileReference; fileEncoding = 4; lastKnownFileType = sourcecode.c.objc; path = LoginViewController.m; sourceTree = "<group>"; };
		2B3D12BD0F4377A60067FD3A /* IMViewController.h */ = {isa = PBXFileReference; fileEncoding = 4; lastKnownFileType = sourcecode.c.h; path = IMViewController.h; sourceTree = "<group>"; };
		2B3D12BE0F4377A60067FD3A /* IMViewController.m */ = {isa = PBXFileReference; fileEncoding = 4; lastKnownFileType = sourcecode.c.objc; path = IMViewController.m; sourceTree = "<group>"; };
		2B3D12C10F4377E50067FD3A /* IM.xib */ = {isa = PBXFileReference; lastKnownFileType = file.xib; path = IM.xib; sourceTree = "<group>"; };
		2B3D12CC0F437AC60067FD3A /* TODOViewController.h */ = {isa = PBXFileReference; fileEncoding = 4; lastKnownFileType = sourcecode.c.h; path = TODOViewController.h; sourceTree = "<group>"; };
		2B3D12CD0F437AC60067FD3A /* TODOViewController.m */ = {isa = PBXFileReference; fileEncoding = 4; lastKnownFileType = sourcecode.c.objc; path = TODOViewController.m; sourceTree = "<group>"; };
		2B3D12CF0F437AF90067FD3A /* TODO.xib */ = {isa = PBXFileReference; lastKnownFileType = file.xib; path = TODO.xib; sourceTree = "<group>"; };
		2B3D12D70F437D6E0067FD3A /* FilesViewController.h */ = {isa = PBXFileReference; fileEncoding = 4; lastKnownFileType = sourcecode.c.h; path = FilesViewController.h; sourceTree = "<group>"; };
		2B3D12D80F437D6E0067FD3A /* FilesViewController.m */ = {isa = PBXFileReference; fileEncoding = 4; lastKnownFileType = sourcecode.c.objc; path = FilesViewController.m; sourceTree = "<group>"; };
		2B3D12DA0F437E690067FD3A /* Files.xib */ = {isa = PBXFileReference; lastKnownFileType = file.xib; path = Files.xib; sourceTree = "<group>"; };
		2B3D12DE0F4380B70067FD3A /* GPSViewController.h */ = {isa = PBXFileReference; fileEncoding = 4; lastKnownFileType = sourcecode.c.h; path = GPSViewController.h; sourceTree = "<group>"; };
		2B3D12DF0F4380B70067FD3A /* GPSViewController.m */ = {isa = PBXFileReference; fileEncoding = 4; lastKnownFileType = sourcecode.c.objc; path = GPSViewController.m; sourceTree = "<group>"; };
		2B3D12E10F4380E00067FD3A /* GPS.xib */ = {isa = PBXFileReference; lastKnownFileType = file.xib; path = GPS.xib; sourceTree = "<group>"; };
		2B3D12EA0F4382070067FD3A /* LogoutViewController.h */ = {isa = PBXFileReference; fileEncoding = 4; lastKnownFileType = sourcecode.c.h; path = LogoutViewController.h; sourceTree = "<group>"; };
		2B3D12EB0F4382070067FD3A /* LogoutViewController.m */ = {isa = PBXFileReference; fileEncoding = 4; lastKnownFileType = sourcecode.c.objc; path = LogoutViewController.m; sourceTree = "<group>"; };
		2B3D12ED0F4382A00067FD3A /* Logout.xib */ = {isa = PBXFileReference; lastKnownFileType = file.xib; path = Logout.xib; sourceTree = "<group>"; };
		2B3D14600F45EBAA0067FD3A /* GamePickerViewController.h */ = {isa = PBXFileReference; fileEncoding = 4; lastKnownFileType = sourcecode.c.h; path = GamePickerViewController.h; sourceTree = "<group>"; };
		2B3D14610F45EBAA0067FD3A /* GamePickerViewController.m */ = {isa = PBXFileReference; fileEncoding = 4; lastKnownFileType = sourcecode.c.objc; path = GamePickerViewController.m; sourceTree = "<group>"; };
		2B3D15A10F461AA30067FD3A /* ToolbarViewController.h */ = {isa = PBXFileReference; fileEncoding = 4; lastKnownFileType = sourcecode.c.h; path = ToolbarViewController.h; sourceTree = "<group>"; };
		2B3D15A20F461AA30067FD3A /* ToolbarViewController.m */ = {isa = PBXFileReference; fileEncoding = 4; lastKnownFileType = sourcecode.c.objc; path = ToolbarViewController.m; sourceTree = "<group>"; };
		2B3D15A40F461AD10067FD3A /* Toolbar.xib */ = {isa = PBXFileReference; lastKnownFileType = file.xib; path = Toolbar.xib; sourceTree = "<group>"; };
		2B3D16650F4628C70067FD3A /* GamePicker.xib */ = {isa = PBXFileReference; lastKnownFileType = file.xib; path = GamePicker.xib; sourceTree = "<group>"; };
		2B3D17050F49C99B0067FD3A /* Game.h */ = {isa = PBXFileReference; fileEncoding = 4; lastKnownFileType = sourcecode.c.h; path = Game.h; sourceTree = "<group>"; };
		2B3D17060F49C99B0067FD3A /* Game.m */ = {isa = PBXFileReference; fileEncoding = 4; lastKnownFileType = sourcecode.c.objc; path = Game.m; sourceTree = "<group>"; };
		2B3D17580F49D18D0067FD3A /* DeveloperViewController.h */ = {isa = PBXFileReference; fileEncoding = 4; lastKnownFileType = sourcecode.c.h; path = DeveloperViewController.h; sourceTree = "<group>"; };
		2B3D17590F49D18D0067FD3A /* DeveloperViewController.m */ = {isa = PBXFileReference; fileEncoding = 4; lastKnownFileType = sourcecode.c.objc; path = DeveloperViewController.m; sourceTree = "<group>"; };
		2B3D17790F49D3F90067FD3A /* Developer.xib */ = {isa = PBXFileReference; lastKnownFileType = file.xib; path = Developer.xib; sourceTree = "<group>"; };
		2B3D18D40F4B25720067FD3A /* AppModel.h */ = {isa = PBXFileReference; fileEncoding = 4; lastKnownFileType = sourcecode.c.h; path = AppModel.h; sourceTree = "<group>"; };
		2B3D18D50F4B25720067FD3A /* AppModel.m */ = {isa = PBXFileReference; fileEncoding = 4; lastKnownFileType = sourcecode.c.objc; path = AppModel.m; sourceTree = "<group>"; };
		8D1107310486CEB800E47090 /* Info.plist */ = {isa = PBXFileReference; fileEncoding = 4; lastKnownFileType = text.plist.xml; path = Info.plist; sourceTree = "<group>"; };
		A702FBBD0F8E804A00BE6549 /* playArrow.png */ = {isa = PBXFileReference; lastKnownFileType = image.png; path = playArrow.png; sourceTree = "<group>"; };
		A703EFE20F7C5C39008A12E2 /* marker-player-lqgps.png */ = {isa = PBXFileReference; lastKnownFileType = image.png; name = "marker-player-lqgps.png"; path = "images/marker-player-lqgps.png"; sourceTree = "<group>"; };
		A722E6E50F573174004B04D2 /* GameListParserDelegate.h */ = {isa = PBXFileReference; fileEncoding = 4; lastKnownFileType = sourcecode.c.h; path = GameListParserDelegate.h; sourceTree = "<group>"; };
		A722E6E60F573174004B04D2 /* GameListParserDelegate.m */ = {isa = PBXFileReference; fileEncoding = 4; lastKnownFileType = sourcecode.c.objc; path = GameListParserDelegate.m; sourceTree = "<group>"; };
		A722E7130F57425B004B04D2 /* Location.h */ = {isa = PBXFileReference; fileEncoding = 4; lastKnownFileType = sourcecode.c.h; path = Location.h; sourceTree = "<group>"; };
		A722E7140F57425B004B04D2 /* Location.m */ = {isa = PBXFileReference; fileEncoding = 4; lastKnownFileType = sourcecode.c.objc; path = Location.m; sourceTree = "<group>"; };
		A722E7380F57431B004B04D2 /* LocationListParserDelegate.h */ = {isa = PBXFileReference; fileEncoding = 4; lastKnownFileType = sourcecode.c.h; path = LocationListParserDelegate.h; sourceTree = "<group>"; };
		A722E7390F57431B004B04D2 /* LocationListParserDelegate.m */ = {isa = PBXFileReference; fileEncoding = 4; lastKnownFileType = sourcecode.c.objc; path = LocationListParserDelegate.m; sourceTree = "<group>"; };
		A72C01B00F7977A600D00602 /* marker-player.png */ = {isa = PBXFileReference; lastKnownFileType = image.png; name = "marker-player.png"; path = "images/marker-player.png"; sourceTree = "<group>"; };
		A72C02130F7985EF00D00602 /* QRScanner.xib */ = {isa = PBXFileReference; lastKnownFileType = file.xib; path = QRScanner.xib; sourceTree = "<group>"; };
		A72C02150F7985FF00D00602 /* QRScannerViewController.h */ = {isa = PBXFileReference; fileEncoding = 4; lastKnownFileType = sourcecode.c.h; path = QRScannerViewController.h; sourceTree = "<group>"; };
		A72C02160F7985FF00D00602 /* QRScannerViewController.m */ = {isa = PBXFileReference; fileEncoding = 4; lastKnownFileType = sourcecode.c.objc; path = QRScannerViewController.m; sourceTree = "<group>"; };
		A72C021C0F798B0500D00602 /* QRScanner.png */ = {isa = PBXFileReference; lastKnownFileType = image.png; path = QRScanner.png; sourceTree = "<group>"; };
		A72F049E0F6ED78F0089B90F /* NearbyLocationsListParserDelegate.h */ = {isa = PBXFileReference; fileEncoding = 4; lastKnownFileType = sourcecode.c.h; path = NearbyLocationsListParserDelegate.h; sourceTree = "<group>"; };
		A72F049F0F6ED78F0089B90F /* NearbyLocationsListParserDelegate.m */ = {isa = PBXFileReference; fileEncoding = 4; lastKnownFileType = sourcecode.c.objc; path = NearbyLocationsListParserDelegate.m; sourceTree = "<group>"; };
		A72F04AC0F6ED8620089B90F /* NearbyLocation.h */ = {isa = PBXFileReference; fileEncoding = 4; lastKnownFileType = sourcecode.c.h; path = NearbyLocation.h; sourceTree = "<group>"; };
		A72F04AD0F6ED8620089B90F /* NearbyLocation.m */ = {isa = PBXFileReference; fileEncoding = 4; lastKnownFileType = sourcecode.c.objc; path = NearbyLocation.m; sourceTree = "<group>"; };
		A75AF2B70F86A47100F15535 /* ItemDetailsViewController.h */ = {isa = PBXFileReference; fileEncoding = 4; lastKnownFileType = sourcecode.c.h; path = ItemDetailsViewController.h; sourceTree = "<group>"; };
		A75AF2B80F86A47100F15535 /* ItemDetailsViewController.m */ = {isa = PBXFileReference; fileEncoding = 4; lastKnownFileType = sourcecode.c.objc; path = ItemDetailsViewController.m; sourceTree = "<group>"; };
		A763B5230F4E283100FDCC55 /* MyCLController.h */ = {isa = PBXFileReference; fileEncoding = 4; lastKnownFileType = sourcecode.c.h; path = MyCLController.h; sourceTree = "<group>"; };
		A763B5240F4E283100FDCC55 /* MyCLController.m */ = {isa = PBXFileReference; fileEncoding = 4; lastKnownFileType = sourcecode.c.objc; path = MyCLController.m; sourceTree = "<group>"; };
		A78FD8AF0F4B7E9400820FEA /* Foundation.framework */ = {isa = PBXFileReference; lastKnownFileType = wrapper.framework; name = Foundation.framework; path = System/Library/Frameworks/Foundation.framework; sourceTree = SDKROOT; };
		A78FD8B10F4B7EA200820FEA /* CoreGraphics.framework */ = {isa = PBXFileReference; lastKnownFileType = wrapper.framework; name = CoreGraphics.framework; path = System/Library/Frameworks/CoreGraphics.framework; sourceTree = SDKROOT; };
		A79202630F8E717C0049F990 /* MediaPlayer.framework */ = {isa = PBXFileReference; lastKnownFileType = wrapper.framework; name = MediaPlayer.framework; path = System/Library/Frameworks/MediaPlayer.framework; sourceTree = SDKROOT; };
		A7955B920F73E095005148E4 /* AudioToolbox.framework */ = {isa = PBXFileReference; lastKnownFileType = wrapper.framework; name = AudioToolbox.framework; path = System/Library/Frameworks/AudioToolbox.framework; sourceTree = SDKROOT; };
		A7A172720F4F26280017E865 /* ARIS.app */ = {isa = PBXFileReference; explicitFileType = wrapper.application; includeInIndex = 0; path = ARIS.app; sourceTree = BUILT_PRODUCTS_DIR; };
		A7A172820F4F26A60017E865 /* Entitlements.plist */ = {isa = PBXFileReference; fileEncoding = 4; lastKnownFileType = text.plist.xml; path = Entitlements.plist; sourceTree = "<group>"; };
		A7A1728A0F4F27120017E865 /* Icon.png */ = {isa = PBXFileReference; lastKnownFileType = image.png; path = Icon.png; sourceTree = "<group>"; };
		A7A1728B0F4F27120017E865 /* Default.png */ = {isa = PBXFileReference; lastKnownFileType = image.png; path = Default.png; sourceTree = "<group>"; };
		A7A172940F4F273B0017E865 /* Icon.icns */ = {isa = PBXFileReference; lastKnownFileType = image.icns; path = Icon.icns; sourceTree = "<group>"; };
		A7A623540F841A80008E0DFD /* InventoryParserDelegate.h */ = {isa = PBXFileReference; fileEncoding = 4; lastKnownFileType = sourcecode.c.h; path = InventoryParserDelegate.h; sourceTree = "<group>"; };
		A7A623550F841A80008E0DFD /* InventoryParserDelegate.m */ = {isa = PBXFileReference; fileEncoding = 4; lastKnownFileType = sourcecode.c.objc; path = InventoryParserDelegate.m; sourceTree = "<group>"; };
		A7A623590F841C99008E0DFD /* Item.h */ = {isa = PBXFileReference; fileEncoding = 4; lastKnownFileType = sourcecode.c.h; path = Item.h; sourceTree = "<group>"; };
		A7A6235A0F841C99008E0DFD /* Item.m */ = {isa = PBXFileReference; fileEncoding = 4; lastKnownFileType = sourcecode.c.objc; path = Item.m; sourceTree = "<group>"; };
		A7BCBB3E0F8C236900C7A36C /* ItemDetailsView.xib */ = {isa = PBXFileReference; lastKnownFileType = file.xib; path = ItemDetailsView.xib; sourceTree = "<group>"; };
		A7E39EAB0F5F60D000826198 /* CameraViewController.h */ = {isa = PBXFileReference; fileEncoding = 4; lastKnownFileType = sourcecode.c.h; path = CameraViewController.h; sourceTree = "<group>"; };
		A7E39EAC0F5F60D000826198 /* CameraViewController.m */ = {isa = PBXFileReference; fileEncoding = 4; lastKnownFileType = sourcecode.c.objc; path = CameraViewController.m; sourceTree = "<group>"; };
		A7E39EC90F5F655E00826198 /* Camera.xib */ = {isa = PBXFileReference; lastKnownFileType = file.xib; path = Camera.xib; sourceTree = "<group>"; };
		A7E39FA90F5F930E00826198 /* Developer.png */ = {isa = PBXFileReference; lastKnownFileType = image.png; path = Developer.png; sourceTree = "<group>"; };
		A7E39FAA0F5F930E00826198 /* GPS.png */ = {isa = PBXFileReference; lastKnownFileType = image.png; path = GPS.png; sourceTree = "<group>"; };
		A7E39FAB0F5F930E00826198 /* Inventory.png */ = {isa = PBXFileReference; lastKnownFileType = image.png; path = Inventory.png; sourceTree = "<group>"; };
		A7E39FAC0F5F930E00826198 /* loading.png */ = {isa = PBXFileReference; lastKnownFileType = image.png; path = loading.png; sourceTree = "<group>"; };
		A7E39FAD0F5F930E00826198 /* Logout.png */ = {isa = PBXFileReference; lastKnownFileType = image.png; path = Logout.png; sourceTree = "<group>"; };
		A7E39FAE0F5F930E00826198 /* marker-blue-withletter.png */ = {isa = PBXFileReference; lastKnownFileType = image.png; name = "marker-blue-withletter.png"; path = "images/marker-blue-withletter.png"; sourceTree = "<group>"; };
		A7E39FAF0F5F930E00826198 /* marker-blue.png */ = {isa = PBXFileReference; lastKnownFileType = image.png; name = "marker-blue.png"; path = "images/marker-blue.png"; sourceTree = "<group>"; };
		A7E39FB00F5F930E00826198 /* marker-red-withletter.png */ = {isa = PBXFileReference; lastKnownFileType = image.png; name = "marker-red-withletter.png"; path = "images/marker-red-withletter.png"; sourceTree = "<group>"; };
		A7E39FB10F5F930E00826198 /* marker-red.png */ = {isa = PBXFileReference; lastKnownFileType = image.png; name = "marker-red.png"; path = "images/marker-red.png"; sourceTree = "<group>"; };
		A7E39FB20F5F930E00826198 /* NodeViewer.png */ = {isa = PBXFileReference; lastKnownFileType = image.png; path = NodeViewer.png; sourceTree = "<group>"; };
		A7E39FB30F5F930E00826198 /* Quest.png */ = {isa = PBXFileReference; lastKnownFileType = image.png; path = Quest.png; sourceTree = "<group>"; };
		A7E39FC90F60456200826198 /* IM.png */ = {isa = PBXFileReference; lastKnownFileType = image.png; path = IM.png; sourceTree = "<group>"; };
		A7E39FD90F61759700826198 /* camera.png */ = {isa = PBXFileReference; lastKnownFileType = image.png; path = camera.png; sourceTree = "<group>"; };
		A7E39FDA0F61759700826198 /* Game.png */ = {isa = PBXFileReference; lastKnownFileType = image.png; path = Game.png; sourceTree = "<group>"; };
		A7E4C85E0F54C35300C6D9E8 /* MapView.xcodeproj */ = {isa = PBXFileReference; lastKnownFileType = "wrapper.pb-project"; name = MapView.xcodeproj; path = Classes/map/MapView/MapView.xcodeproj; sourceTree = SOURCE_ROOT; };
		A7E4C88B0F54C4D000C6D9E8 /* QuartzCore.framework */ = {isa = PBXFileReference; lastKnownFileType = wrapper.framework; name = QuartzCore.framework; path = System/Library/Frameworks/QuartzCore.framework; sourceTree = SDKROOT; };
		A7E4C88F0F54C4E800C6D9E8 /* libsqlite3.dylib */ = {isa = PBXFileReference; lastKnownFileType = "compiled.mach-o.dylib"; name = libsqlite3.dylib; path = usr/lib/libsqlite3.dylib; sourceTree = SDKROOT; };
		A7E4C8980F54C5E300C6D9E8 /* CoreLocation.framework */ = {isa = PBXFileReference; lastKnownFileType = wrapper.framework; name = CoreLocation.framework; path = System/Library/Frameworks/CoreLocation.framework; sourceTree = SDKROOT; };
		A7F0EE3E0F71CFEF008F7BAD /* GenericWebView.xib */ = {isa = PBXFileReference; lastKnownFileType = file.xib; path = GenericWebView.xib; sourceTree = "<group>"; };
		A7F0EE5F0F71D0C5008F7BAD /* GenericWebViewController.h */ = {isa = PBXFileReference; fileEncoding = 4; lastKnownFileType = sourcecode.c.h; path = GenericWebViewController.h; sourceTree = "<group>"; };
		A7F0EE600F71D0C5008F7BAD /* GenericWebViewController.m */ = {isa = PBXFileReference; fileEncoding = 4; lastKnownFileType = sourcecode.c.objc; path = GenericWebViewController.m; sourceTree = "<group>"; };
/* End PBXFileReference section */

/* Begin PBXFrameworksBuildPhase section */
		1D60588F0D05DD3D006BFB54 /* Frameworks */ = {
			isa = PBXFrameworksBuildPhase;
			buildActionMask = 2147483647;
			files = (
				1DF5F4E00D08C38300B7A737 /* UIKit.framework in Frameworks */,
				A78FD8B00F4B7E9400820FEA /* Foundation.framework in Frameworks */,
				A78FD8B20F4B7EA200820FEA /* CoreGraphics.framework in Frameworks */,
				A7E4C88C0F54C4D000C6D9E8 /* QuartzCore.framework in Frameworks */,
				A7E4C8900F54C4E800C6D9E8 /* libsqlite3.dylib in Frameworks */,
				A7E4C8990F54C5E300C6D9E8 /* CoreLocation.framework in Frameworks */,
				A7E4C9A30F55DC6200C6D9E8 /* libMapView.a in Frameworks */,
				A7955B930F73E095005148E4 /* AudioToolbox.framework in Frameworks */,
				A79202640F8E717C0049F990 /* MediaPlayer.framework in Frameworks */,
			);
			runOnlyForDeploymentPostprocessing = 0;
		};
/* End PBXFrameworksBuildPhase section */

/* Begin PBXGroup section */
		080E96DDFE201D6D7F000001 /* Classes */ = {
			isa = PBXGroup;
			children = (
				A75AF2B70F86A47100F15535 /* ItemDetailsViewController.h */,
				A75AF2B80F86A47100F15535 /* ItemDetailsViewController.m */,
				2B3D12D70F437D6E0067FD3A /* FilesViewController.h */,
				2B3D12D80F437D6E0067FD3A /* FilesViewController.m */,
				A72C02150F7985FF00D00602 /* QRScannerViewController.h */,
				A72C02160F7985FF00D00602 /* QRScannerViewController.m */,
				A7F0EE5F0F71D0C5008F7BAD /* GenericWebViewController.h */,
				A7F0EE600F71D0C5008F7BAD /* GenericWebViewController.m */,
				A763B5230F4E283100FDCC55 /* MyCLController.h */,
				A763B5240F4E283100FDCC55 /* MyCLController.m */,
				2B3D11AF0F4361940067FD3A /* LoginViewController.h */,
				2B3D11B00F4361940067FD3A /* LoginViewController.m */,
				2B3D12BD0F4377A60067FD3A /* IMViewController.h */,
				2B3D12BE0F4377A60067FD3A /* IMViewController.m */,
				2B3D12CC0F437AC60067FD3A /* TODOViewController.h */,
				2B3D12CD0F437AC60067FD3A /* TODOViewController.m */,
				2B3D12DF0F4380B70067FD3A /* GPSViewController.m */,
				2B3D12DE0F4380B70067FD3A /* GPSViewController.h */,
				2B3D12EA0F4382070067FD3A /* LogoutViewController.h */,
				2B3D12EB0F4382070067FD3A /* LogoutViewController.m */,
				2B3D14600F45EBAA0067FD3A /* GamePickerViewController.h */,
				2B3D14610F45EBAA0067FD3A /* GamePickerViewController.m */,
				2B3D15A10F461AA30067FD3A /* ToolbarViewController.h */,
				2B3D15A20F461AA30067FD3A /* ToolbarViewController.m */,
				2B3D17580F49D18D0067FD3A /* DeveloperViewController.h */,
				2B3D17590F49D18D0067FD3A /* DeveloperViewController.m */,
				1D3623240D0F684500981E51 /* ARISAppDelegate.h */,
				1D3623250D0F684500981E51 /* ARISAppDelegate.m */,
				A7E39EAB0F5F60D000826198 /* CameraViewController.h */,
				A7E39EAC0F5F60D000826198 /* CameraViewController.m */,
				2B3D17040F49C9920067FD3A /* model */,
			);
			path = Classes;
			sourceTree = "<group>";
		};
		19C28FACFE9D520D11CA2CBB /* Products */ = {
			isa = PBXGroup;
			children = (
				A7A172720F4F26280017E865 /* ARIS.app */,
			);
			name = Products;
			sourceTree = "<group>";
		};
		29B97314FDCFA39411CA2CEA /* ARIS */ = {
			isa = PBXGroup;
			children = (
				080E96DDFE201D6D7F000001 /* Classes */,
				29B97315FDCFA39411CA2CEA /* Other Sources */,
				29B97317FDCFA39411CA2CEA /* Resources */,
				29B97323FDCFA39411CA2CEA /* Frameworks */,
				19C28FACFE9D520D11CA2CBB /* Products */,
			);
			name = ARIS;
			sourceTree = "<group>";
		};
		29B97315FDCFA39411CA2CEA /* Other Sources */ = {
			isa = PBXGroup;
			children = (
				28A0AB4B0D9B1048005BE974 /* ARIS_Prefix.pch */,
				29B97316FDCFA39411CA2CEA /* main.m */,
			);
			name = "Other Sources";
			sourceTree = "<group>";
		};
		29B97317FDCFA39411CA2CEA /* Resources */ = {
			isa = PBXGroup;
			children = (
				A792026F0F8E77490049F990 /* Item Icons */,
				A77B06EF0F78374E005945D3 /* Application Icons and Settings */,
				A77B06EE0F783744005945D3 /* Interface Builder Views */,
				A77B06ED0F78372F005945D3 /* Map Icons */,
				A7E39FA80F5F930E00826198 /* Toolbar Icons */,
			);
			name = Resources;
			sourceTree = "<group>";
		};
		29B97323FDCFA39411CA2CEA /* Frameworks */ = {
			isa = PBXGroup;
			children = (
				A79202630F8E717C0049F990 /* MediaPlayer.framework */,
				A7955B920F73E095005148E4 /* AudioToolbox.framework */,
				A7E4C88F0F54C4E800C6D9E8 /* libsqlite3.dylib */,
				A7E4C88B0F54C4D000C6D9E8 /* QuartzCore.framework */,
				A7E4C8980F54C5E300C6D9E8 /* CoreLocation.framework */,
				A7E4C85E0F54C35300C6D9E8 /* MapView.xcodeproj */,
				A78FD8B10F4B7EA200820FEA /* CoreGraphics.framework */,
				A78FD8AF0F4B7E9400820FEA /* Foundation.framework */,
				1DF5F4DF0D08C38300B7A737 /* UIKit.framework */,
			);
			name = Frameworks;
			sourceTree = "<group>";
		};
		2B3D17040F49C9920067FD3A /* model */ = {
			isa = PBXGroup;
			children = (
				A7A623590F841C99008E0DFD /* Item.h */,
				A7A6235A0F841C99008E0DFD /* Item.m */,
				A72F04AC0F6ED8620089B90F /* NearbyLocation.h */,
				A72F04AD0F6ED8620089B90F /* NearbyLocation.m */,
				A722E7380F57431B004B04D2 /* LocationListParserDelegate.h */,
				A722E7390F57431B004B04D2 /* LocationListParserDelegate.m */,
				A72F049E0F6ED78F0089B90F /* NearbyLocationsListParserDelegate.h */,
				A72F049F0F6ED78F0089B90F /* NearbyLocationsListParserDelegate.m */,
				2B3D18D40F4B25720067FD3A /* AppModel.h */,
				2B3D18D50F4B25720067FD3A /* AppModel.m */,
				A722E6E50F573174004B04D2 /* GameListParserDelegate.h */,
				A722E6E60F573174004B04D2 /* GameListParserDelegate.m */,
				A7A623540F841A80008E0DFD /* InventoryParserDelegate.h */,
				A7A623550F841A80008E0DFD /* InventoryParserDelegate.m */,
				2B3D17050F49C99B0067FD3A /* Game.h */,
				2B3D17060F49C99B0067FD3A /* Game.m */,
				A722E7130F57425B004B04D2 /* Location.h */,
				A722E7140F57425B004B04D2 /* Location.m */,
			);
			path = model;
			sourceTree = "<group>";
		};
		A77B06ED0F78372F005945D3 /* Map Icons */ = {
			isa = PBXGroup;
			children = (
				A703EFE20F7C5C39008A12E2 /* marker-player-lqgps.png */,
				A72C01B00F7977A600D00602 /* marker-player.png */,
				A7E39FAE0F5F930E00826198 /* marker-blue-withletter.png */,
				A7E39FAF0F5F930E00826198 /* marker-blue.png */,
				A7E39FB00F5F930E00826198 /* marker-red-withletter.png */,
				A7E39FB10F5F930E00826198 /* marker-red.png */,
			);
			name = "Map Icons";
			sourceTree = "<group>";
		};
		A77B06EE0F783744005945D3 /* Interface Builder Views */ = {
			isa = PBXGroup;
			children = (
				A7BCBB3E0F8C236900C7A36C /* ItemDetailsView.xib */,
				A72C02130F7985EF00D00602 /* QRScanner.xib */,
				A7F0EE3E0F71CFEF008F7BAD /* GenericWebView.xib */,
				A7E39EC90F5F655E00826198 /* Camera.xib */,
				28AD73870D9D96C1002E5188 /* MainWindow.xib */,
				2B3D11AC0F4361380067FD3A /* Login.xib */,
				2B3D12C10F4377E50067FD3A /* IM.xib */,
				2B3D12CF0F437AF90067FD3A /* TODO.xib */,
				2B3D12DA0F437E690067FD3A /* Files.xib */,
				2B3D12E10F4380E00067FD3A /* GPS.xib */,
				2B3D12ED0F4382A00067FD3A /* Logout.xib */,
				2B3D17790F49D3F90067FD3A /* Developer.xib */,
				2B3D16650F4628C70067FD3A /* GamePicker.xib */,
				2B3D15A40F461AD10067FD3A /* Toolbar.xib */,
			);
			name = "Interface Builder Views";
			sourceTree = "<group>";
		};
		A77B06EF0F78374E005945D3 /* Application Icons and Settings */ = {
			isa = PBXGroup;
			children = (
				A7A1728B0F4F27120017E865 /* Default.png */,
				A7A172940F4F273B0017E865 /* Icon.icns */,
				A7A1728A0F4F27120017E865 /* Icon.png */,
				8D1107310486CEB800E47090 /* Info.plist */,
				A7A172820F4F26A60017E865 /* Entitlements.plist */,
			);
			name = "Application Icons and Settings";
			sourceTree = "<group>";
		};
		A792026F0F8E77490049F990 /* Item Icons */ = {
			isa = PBXGroup;
			children = (
				A702FBBD0F8E804A00BE6549 /* playArrow.png */,
			);
			name = "Item Icons";
			sourceTree = "<group>";
		};
		A7E39FA80F5F930E00826198 /* Toolbar Icons */ = {
			isa = PBXGroup;
			children = (
				A72C021C0F798B0500D00602 /* QRScanner.png */,
				A7E39FD90F61759700826198 /* camera.png */,
				A7E39FDA0F61759700826198 /* Game.png */,
				A7E39FC90F60456200826198 /* IM.png */,
				A7E39FA90F5F930E00826198 /* Developer.png */,
				A7E39FAA0F5F930E00826198 /* GPS.png */,
				A7E39FAB0F5F930E00826198 /* Inventory.png */,
				A7E39FAC0F5F930E00826198 /* loading.png */,
				A7E39FAD0F5F930E00826198 /* Logout.png */,
				A7E39FB20F5F930E00826198 /* NodeViewer.png */,
				A7E39FB30F5F930E00826198 /* Quest.png */,
			);
			name = "Toolbar Icons";
			path = images;
			sourceTree = "<group>";
		};
		A7E4C98A0F55DC3300C6D9E8 /* Products */ = {
			isa = PBXGroup;
			children = (
				A7E4C98F0F55DC3300C6D9E8 /* MapView.app */,
				A7E4C9910F55DC3300C6D9E8 /* libMapView.a */,
			);
			name = Products;
			sourceTree = "<group>";
		};
/* End PBXGroup section */

/* Begin PBXNativeTarget section */
		1D6058900D05DD3D006BFB54 /* ARIS */ = {
			isa = PBXNativeTarget;
			buildConfigurationList = 1D6058960D05DD3E006BFB54 /* Build configuration list for PBXNativeTarget "ARIS" */;
			buildPhases = (
				1D60588D0D05DD3D006BFB54 /* Resources */,
				1D60588E0D05DD3D006BFB54 /* Sources */,
				1D60588F0D05DD3D006BFB54 /* Frameworks */,
			);
			buildRules = (
			);
			dependencies = (
			);
			name = ARIS;
			productName = ARIS;
			productReference = A7A172720F4F26280017E865 /* ARIS.app */;
			productType = "com.apple.product-type.application";
		};
/* End PBXNativeTarget section */

/* Begin PBXProject section */
		29B97313FDCFA39411CA2CEA /* Project object */ = {
			isa = PBXProject;
			buildConfigurationList = C01FCF4E08A954540054247B /* Build configuration list for PBXProject "ARIS" */;
			compatibilityVersion = "Xcode 3.1";
			hasScannedForEncodings = 1;
			mainGroup = 29B97314FDCFA39411CA2CEA /* ARIS */;
			projectDirPath = "";
			projectReferences = (
				{
					ProductGroup = A7E4C98A0F55DC3300C6D9E8 /* Products */;
					ProjectRef = A7E4C85E0F54C35300C6D9E8 /* MapView.xcodeproj */;
				},
			);
			projectRoot = "";
			targets = (
				1D6058900D05DD3D006BFB54 /* ARIS */,
			);
		};
/* End PBXProject section */

/* Begin PBXReferenceProxy section */
		A7E4C98F0F55DC3300C6D9E8 /* MapView.app */ = {
			isa = PBXReferenceProxy;
			fileType = wrapper.application;
			path = MapView.app;
			remoteRef = A7E4C98E0F55DC3300C6D9E8 /* PBXContainerItemProxy */;
			sourceTree = BUILT_PRODUCTS_DIR;
		};
		A7E4C9910F55DC3300C6D9E8 /* libMapView.a */ = {
			isa = PBXReferenceProxy;
			fileType = archive.ar;
			path = libMapView.a;
			remoteRef = A7E4C9900F55DC3300C6D9E8 /* PBXContainerItemProxy */;
			sourceTree = BUILT_PRODUCTS_DIR;
		};
/* End PBXReferenceProxy section */

/* Begin PBXResourcesBuildPhase section */
		1D60588D0D05DD3D006BFB54 /* Resources */ = {
			isa = PBXResourcesBuildPhase;
			buildActionMask = 2147483647;
			files = (
				28AD73880D9D96C1002E5188 /* MainWindow.xib in Resources */,
				2B3D11AD0F4361380067FD3A /* Login.xib in Resources */,
				2B3D12C20F4377E50067FD3A /* IM.xib in Resources */,
				2B3D12D00F437AF90067FD3A /* TODO.xib in Resources */,
				2B3D12DB0F437E690067FD3A /* Files.xib in Resources */,
				2B3D12E20F4380E00067FD3A /* GPS.xib in Resources */,
				2B3D12EE0F4382A00067FD3A /* Logout.xib in Resources */,
				2B3D15A50F461AD10067FD3A /* Toolbar.xib in Resources */,
				2B3D16660F4628C70067FD3A /* GamePicker.xib in Resources */,
				2B3D177A0F49D3F90067FD3A /* Developer.xib in Resources */,
				A7A172830F4F26A60017E865 /* Entitlements.plist in Resources */,
				A7A1728C0F4F27120017E865 /* Icon.png in Resources */,
				A7A1728D0F4F27120017E865 /* Default.png in Resources */,
				A7A172950F4F273B0017E865 /* Icon.icns in Resources */,
				A7E39ECA0F5F655E00826198 /* Camera.xib in Resources */,
				A7E39FB40F5F930E00826198 /* Developer.png in Resources */,
				A7E39FB50F5F930E00826198 /* GPS.png in Resources */,
				A7E39FB60F5F930E00826198 /* Inventory.png in Resources */,
				A7E39FB70F5F930E00826198 /* loading.png in Resources */,
				A7E39FB80F5F930E00826198 /* Logout.png in Resources */,
				A7E39FB90F5F930E00826198 /* marker-blue-withletter.png in Resources */,
				A7E39FBA0F5F930E00826198 /* marker-blue.png in Resources */,
				A7E39FBB0F5F930E00826198 /* marker-red-withletter.png in Resources */,
				A7E39FBC0F5F930E00826198 /* marker-red.png in Resources */,
				A7E39FBD0F5F930E00826198 /* NodeViewer.png in Resources */,
				A7E39FBE0F5F930E00826198 /* Quest.png in Resources */,
				A7E39FCA0F60456200826198 /* IM.png in Resources */,
				A7E39FDB0F61759700826198 /* camera.png in Resources */,
				A7E39FDC0F61759700826198 /* Game.png in Resources */,
				A7F0EE3F0F71CFEF008F7BAD /* GenericWebView.xib in Resources */,
				A72C01B10F7977A600D00602 /* marker-player.png in Resources */,
				A72C02140F7985EF00D00602 /* QRScanner.xib in Resources */,
				A72C021D0F798B0500D00602 /* QRScanner.png in Resources */,
				A703EFE30F7C5C39008A12E2 /* marker-player-lqgps.png in Resources */,
				A7BCBB3F0F8C236900C7A36C /* ItemDetailsView.xib in Resources */,
				A702FBBE0F8E804A00BE6549 /* playArrow.png in Resources */,
			);
			runOnlyForDeploymentPostprocessing = 0;
		};
/* End PBXResourcesBuildPhase section */

/* Begin PBXSourcesBuildPhase section */
		1D60588E0D05DD3D006BFB54 /* Sources */ = {
			isa = PBXSourcesBuildPhase;
			buildActionMask = 2147483647;
			files = (
				1D60589B0D05DD56006BFB54 /* main.m in Sources */,
				1D3623260D0F684500981E51 /* ARISAppDelegate.m in Sources */,
				2B3D11B10F4361940067FD3A /* LoginViewController.m in Sources */,
				2B3D12BF0F4377A60067FD3A /* IMViewController.m in Sources */,
				2B3D12CE0F437AC60067FD3A /* TODOViewController.m in Sources */,
				2B3D12D90F437D6E0067FD3A /* FilesViewController.m in Sources */,
				2B3D12E00F4380B70067FD3A /* GPSViewController.m in Sources */,
				2B3D12EC0F4382070067FD3A /* LogoutViewController.m in Sources */,
				2B3D14620F45EBAA0067FD3A /* GamePickerViewController.m in Sources */,
				2B3D15A30F461AA30067FD3A /* ToolbarViewController.m in Sources */,
				2B3D17070F49C99B0067FD3A /* Game.m in Sources */,
				2B3D175A0F49D18D0067FD3A /* DeveloperViewController.m in Sources */,
				2B3D18D60F4B25720067FD3A /* AppModel.m in Sources */,
				A763B5250F4E283100FDCC55 /* MyCLController.m in Sources */,
				A722E6E70F573174004B04D2 /* GameListParserDelegate.m in Sources */,
				A722E7150F57425B004B04D2 /* Location.m in Sources */,
				A722E73A0F57431B004B04D2 /* LocationListParserDelegate.m in Sources */,
				A7E39EAD0F5F60D000826198 /* CameraViewController.m in Sources */,
				A72F04A00F6ED78F0089B90F /* NearbyLocationsListParserDelegate.m in Sources */,
				A72F04AE0F6ED8620089B90F /* NearbyLocation.m in Sources */,
				A7F0EE610F71D0C5008F7BAD /* GenericWebViewController.m in Sources */,
				A72C02170F7985FF00D00602 /* QRScannerViewController.m in Sources */,
				A7A623560F841A80008E0DFD /* InventoryParserDelegate.m in Sources */,
				A7A6235B0F841C99008E0DFD /* Item.m in Sources */,
				A75AF2B90F86A47100F15535 /* ItemDetailsViewController.m in Sources */,
			);
			runOnlyForDeploymentPostprocessing = 0;
		};
/* End PBXSourcesBuildPhase section */

/* Begin XCBuildConfiguration section */
		1D6058940D05DD3E006BFB54 /* Debug */ = {
			isa = XCBuildConfiguration;
			buildSettings = {
				ALWAYS_SEARCH_USER_PATHS = NO;
				CODE_SIGN_ENTITLEMENTS = Entitlements.plist;
				CODE_SIGN_IDENTITY = "";
				"CODE_SIGN_IDENTITY[sdk=iphoneos*]" = "iPhone Distribution: UW Division of Information Technology";
				COPY_PHASE_STRIP = NO;
				GCC_DYNAMIC_NO_PIC = NO;
				GCC_OPTIMIZATION_LEVEL = 0;
				GCC_PRECOMPILE_PREFIX_HEADER = YES;
				GCC_PREFIX_HEADER = ARIS_Prefix.pch;
				HEADER_SEARCH_PATHS = "Classes/map/MapView/**";
				INFOPLIST_FILE = Info.plist;
				LIBRARY_SEARCH_PATHS = (
					"$(inherited)",
					"\"$(SRCROOT)/Classes/map/MapView/build/Debug-iphonesimulator\"",
					"\"$(SRCROOT)/Classes/map/MapView/build/Release-iphoneos\"",
					"\"$(SRCROOT)/Classes/map/MapView/build/Release-iphonesimulator\"",
					"\"$(SRCROOT)/Classes/map/Proj4/build/Debug-iphonesimulator\"",
					"\"$(SRCROOT)/Classes/map/Proj4/build/Release-iphoneos\"",
					"\"$(SRCROOT)/Classes/map/Proj4/build/Release-iphonesimulator\"",
				);
				PRODUCT_NAME = ARIS;
				"PROVISIONING_PROFILE[sdk=iphoneos*]" = "EC131F5A-3568-4E52-BB26-7115EF91A6A4";
			};
			name = Debug;
		};
		A759A4B90F4F2599004279E0 /* Distribution */ = {
			isa = XCBuildConfiguration;
			buildSettings = {
				ARCHS = "$(ARCHS_STANDARD_32_BIT)";
				CODE_SIGN_IDENTITY = "";
				"CODE_SIGN_IDENTITY[sdk=iphoneos*]" = "";
				GCC_C_LANGUAGE_STANDARD = c99;
				GCC_WARN_ABOUT_RETURN_TYPE = YES;
				GCC_WARN_UNUSED_VARIABLE = YES;
				PREBINDING = NO;
				SDKROOT = iphoneos2.2.1;
			};
			name = Distribution;
		};
		A759A4BA0F4F2599004279E0 /* Distribution */ = {
			isa = XCBuildConfiguration;
			buildSettings = {
				ALWAYS_SEARCH_USER_PATHS = NO;
				CODE_SIGN_ENTITLEMENTS = Entitlements.plist;
				CODE_SIGN_IDENTITY = "";
				"CODE_SIGN_IDENTITY[sdk=iphoneos*]" = "iPhone Distribution: UW Division of Information Technology";
				COPY_PHASE_STRIP = YES;
				GCC_PRECOMPILE_PREFIX_HEADER = YES;
				GCC_PREFIX_HEADER = ARIS_Prefix.pch;
				HEADER_SEARCH_PATHS = "Classes/map/MapView/**";
				INFOPLIST_FILE = Info.plist;
				LIBRARY_SEARCH_PATHS = (
					"$(inherited)",
					"\"$(SRCROOT)/Classes/map/MapView/build/Debug-iphonesimulator\"",
					"\"$(SRCROOT)/Classes/map/MapView/build/Release-iphoneos\"",
					"\"$(SRCROOT)/Classes/map/MapView/build/Release-iphonesimulator\"",
					"\"$(SRCROOT)/Classes/map/Proj4/build/Debug-iphonesimulator\"",
					"\"$(SRCROOT)/Classes/map/Proj4/build/Release-iphoneos\"",
					"\"$(SRCROOT)/Classes/map/Proj4/build/Release-iphonesimulator\"",
				);
				PRODUCT_NAME = ARIS;
				"PROVISIONING_PROFILE[sdk=iphoneos*]" = "EC131F5A-3568-4E52-BB26-7115EF91A6A4";
			};
			name = Distribution;
		};
		C01FCF4F08A954540054247B /* Debug */ = {
			isa = XCBuildConfiguration;
			buildSettings = {
				ARCHS = "$(ARCHS_STANDARD_32_BIT)";
				CODE_SIGN_IDENTITY = "";
				"CODE_SIGN_IDENTITY[sdk=iphoneos*]" = "";
				GCC_C_LANGUAGE_STANDARD = c99;
				GCC_WARN_ABOUT_RETURN_TYPE = YES;
				GCC_WARN_UNUSED_VARIABLE = YES;
				ONLY_ACTIVE_ARCH = YES;
				PREBINDING = NO;
				SDKROOT = iphoneos2.2.1;
			};
			name = Debug;
		};
/* End XCBuildConfiguration section */

/* Begin XCConfigurationList section */
		1D6058960D05DD3E006BFB54 /* Build configuration list for PBXNativeTarget "ARIS" */ = {
			isa = XCConfigurationList;
			buildConfigurations = (
				1D6058940D05DD3E006BFB54 /* Debug */,
				A759A4BA0F4F2599004279E0 /* Distribution */,
			);
			defaultConfigurationIsVisible = 0;
			defaultConfigurationName = Debug;
		};
		C01FCF4E08A954540054247B /* Build configuration list for PBXProject "ARIS" */ = {
			isa = XCConfigurationList;
			buildConfigurations = (
				C01FCF4F08A954540054247B /* Debug */,
				A759A4B90F4F2599004279E0 /* Distribution */,
			);
			defaultConfigurationIsVisible = 0;
			defaultConfigurationName = Debug;
		};
/* End XCConfigurationList section */
	};
	rootObject = 29B97313FDCFA39411CA2CEA /* Project object */;
}
